
Microsoft Visual Studio Solution File, Format Version 12.00
# Visual Studio Version 16
VisualStudioVersion = 16.0.31729.503
MinimumVisualStudioVersion = 10.0.40219.1
Project("{9A19103F-16F7-4668-BE54-9A1E7A4F7556}") = "console-control-flow", "console-control-flow.csproj", "{A6B7E74D-77F1-4788-AB5F-443F63227EA2}"
EndProject
Global
	GlobalSection(SolutionConfigurationPlatforms) = preSolution
		Debug|Any CPU = Debug|Any CPU
		Release|Any CPU = Release|Any CPU
	EndGlobalSection
	GlobalSection(ProjectConfigurationPlatforms) = postSolution
		{A6B7E74D-77F1-4788-AB5F-443F63227EA2}.Debug|Any CPU.ActiveCfg = Debug|Any CPU
		{A6B7E74D-77F1-4788-AB5F-443F63227EA2}.Debug|Any CPU.Build.0 = Debug|Any CPU
		{A6B7E74D-77F1-4788-AB5F-443F63227EA2}.Release|Any CPU.ActiveCfg = Release|Any CPU
		{A6B7E74D-77F1-4788-AB5F-443F63227EA2}.Release|Any CPU.Build.0 = Release|Any CPU
	EndGlobalSection
	GlobalSection(SolutionProperties) = preSolution
		HideSolutionNode = FALSE
	EndGlobalSection
	GlobalSection(ExtensibilityGlobals) = postSolution
		SolutionGuid = {77DAAB32-0BE9-4450-B745-DDB80070E1A8}
	EndGlobalSection
EndGlobal
